
Microsoft Visual Studio Solution File, Format Version 12.00
# Visual Studio 15
VisualStudioVersion = 15.0.26730.3
MinimumVisualStudioVersion = 10.0.40219.1
Project("{9A19103F-16F7-4668-BE54-9A1E7A4F7556}") = "MemoryCore", "MemoryCore\MemoryCore.csproj", "{1F3AE78A-7FA5-488C-9EB4-BA178552C7CF}"
EndProject
Project("{9A19103F-16F7-4668-BE54-9A1E7A4F7556}") = "MemoryServer", "MemoryServer\MemoryServer.csproj", "{A4AF0868-E6F5-45F2-8E53-9D2D1942A3BF}"
EndProject
Project("{9A19103F-16F7-4668-BE54-9A1E7A4F7556}") = "MemoryServer.Core", "MemoryServer.Core\MemoryServer.Core.csproj", "{5851126A-6FFE-41DE-8DE1-A5FFCB38215C}"
EndProject
Project("{9A19103F-16F7-4668-BE54-9A1E7A4F7556}") = "MemoryClient.Web", "MemoryClient.Web\MemoryClient.Web.csproj", "{BBA0FB2F-9D80-4E91-B121-C51DB5E9ED8B}"
EndProject
Project("{2150E333-8FDC-42A3-9474-1A3956D46DE8}") = "Solution Items", "Solution Items", "{93E32B35-CC97-4008-9DC9-437DD0EC672D}"
	ProjectSection(SolutionItems) = preProject
		build.debug.ps1 = build.debug.ps1
		build.development.sh = build.development.sh
		build.master.ps1 = build.master.ps1
		build.master.sh = build.master.sh
		Jenkinsfile.bak = Jenkinsfile.bak
		run.debug.ps1 = run.debug.ps1
	EndProjectSection
EndProject
Project("{E53339B2-1760-4266-BCC7-CA923CBCF16C}") = "docker-compose", "docker-compose.dcproj", "{A306A834-398A-46E6-A453-F1CA35763FA6}"
EndProject
Global
	GlobalSection(SolutionConfigurationPlatforms) = preSolution
		Debug|Any CPU = Debug|Any CPU
		Release|Any CPU = Release|Any CPU
	EndGlobalSection
	GlobalSection(ProjectConfigurationPlatforms) = postSolution
		{1F3AE78A-7FA5-488C-9EB4-BA178552C7CF}.Debug|Any CPU.ActiveCfg = Debug|Any CPU
		{1F3AE78A-7FA5-488C-9EB4-BA178552C7CF}.Debug|Any CPU.Build.0 = Debug|Any CPU
		{1F3AE78A-7FA5-488C-9EB4-BA178552C7CF}.Release|Any CPU.ActiveCfg = Release|Any CPU
		{1F3AE78A-7FA5-488C-9EB4-BA178552C7CF}.Release|Any CPU.Build.0 = Release|Any CPU
		{A4AF0868-E6F5-45F2-8E53-9D2D1942A3BF}.Debug|Any CPU.ActiveCfg = Debug|Any CPU
		{A4AF0868-E6F5-45F2-8E53-9D2D1942A3BF}.Debug|Any CPU.Build.0 = Debug|Any CPU
		{A4AF0868-E6F5-45F2-8E53-9D2D1942A3BF}.Release|Any CPU.ActiveCfg = Release|Any CPU
		{A4AF0868-E6F5-45F2-8E53-9D2D1942A3BF}.Release|Any CPU.Build.0 = Release|Any CPU
		{5851126A-6FFE-41DE-8DE1-A5FFCB38215C}.Debug|Any CPU.ActiveCfg = Debug|Any CPU
		{5851126A-6FFE-41DE-8DE1-A5FFCB38215C}.Debug|Any CPU.Build.0 = Debug|Any CPU
		{5851126A-6FFE-41DE-8DE1-A5FFCB38215C}.Release|Any CPU.ActiveCfg = Release|Any CPU
		{5851126A-6FFE-41DE-8DE1-A5FFCB38215C}.Release|Any CPU.Build.0 = Release|Any CPU
		{BBA0FB2F-9D80-4E91-B121-C51DB5E9ED8B}.Debug|Any CPU.ActiveCfg = Debug|Any CPU
		{BBA0FB2F-9D80-4E91-B121-C51DB5E9ED8B}.Debug|Any CPU.Build.0 = Debug|Any CPU
		{BBA0FB2F-9D80-4E91-B121-C51DB5E9ED8B}.Release|Any CPU.ActiveCfg = Release|Any CPU
		{BBA0FB2F-9D80-4E91-B121-C51DB5E9ED8B}.Release|Any CPU.Build.0 = Release|Any CPU
		{A306A834-398A-46E6-A453-F1CA35763FA6}.Debug|Any CPU.ActiveCfg = Debug|Any CPU
		{A306A834-398A-46E6-A453-F1CA35763FA6}.Debug|Any CPU.Build.0 = Debug|Any CPU
		{A306A834-398A-46E6-A453-F1CA35763FA6}.Release|Any CPU.ActiveCfg = Release|Any CPU
		{A306A834-398A-46E6-A453-F1CA35763FA6}.Release|Any CPU.Build.0 = Release|Any CPU
	EndGlobalSection
	GlobalSection(SolutionProperties) = preSolution
		HideSolutionNode = FALSE
	EndGlobalSection
	GlobalSection(ExtensibilityGlobals) = postSolution
		SolutionGuid = {FF1B3541-32A1-4F99-956B-DEF4A47040D3}
	EndGlobalSection
EndGlobal
