
Microsoft Visual Studio Solution File, Format Version 12.00
# Visual Studio 15
VisualStudioVersion = 15.0.26730.10
MinimumVisualStudioVersion = 10.0.40219.1
Project("{9A19103F-16F7-4668-BE54-9A1E7A4F7556}") = "MemoryCore", "MemoryCore\MemoryCore.csproj", "{1F3AE78A-7FA5-488C-9EB4-BA178552C7CF}"
EndProject
Project("{9A19103F-16F7-4668-BE54-9A1E7A4F7556}") = "MemoryServer", "MemoryServer\MemoryServer.csproj", "{A4AF0868-E6F5-45F2-8E53-9D2D1942A3BF}"
EndProject
Project("{9A19103F-16F7-4668-BE54-9A1E7A4F7556}") = "MemoryServer.Core", "MemoryServer.Core\MemoryServer.Core.csproj", "{5851126A-6FFE-41DE-8DE1-A5FFCB38215C}"
EndProject
Project("{9A19103F-16F7-4668-BE54-9A1E7A4F7556}") = "MemoryClient.Web", "MemoryClient.Web\MemoryClient.Web.csproj", "{BBA0FB2F-9D80-4E91-B121-C51DB5E9ED8B}"
EndProject
Project("{2150E333-8FDC-42A3-9474-1A3956D46DE8}") = "Solution Items", "Solution Items", "{93E32B35-CC97-4008-9DC9-437DD0EC672D}"
	ProjectSection(SolutionItems) = preProject
		build.debug.ps1 = build.debug.ps1
		build.development.sh = build.development.sh
		build.master.ps1 = build.master.ps1
		build.master.sh = build.master.sh
		Jenkinsfile = Jenkinsfile
		Jenkinsfile.bak = Jenkinsfile.bak
		run.debug.ps1 = run.debug.ps1
	EndProjectSection
EndProject
Project("{E53339B2-1760-4266-BCC7-CA923CBCF16C}") = "docker-compose", "docker-compose.dcproj", "{A306A834-398A-46E6-A453-F1CA35763FA6}"
EndProject
Project("{9A19103F-16F7-4668-BE54-9A1E7A4F7556}") = "MemoryServer.Tests", "MemoryServer.Tests\MemoryServer.Tests.csproj", "{19BFB6C2-D163-4242-8619-040BD56AC90E}"
EndProject
Project("{9A19103F-16F7-4668-BE54-9A1E7A4F7556}") = "MemoryClient.Web.Main", "..\MemoryClient.Web.Main\MemoryClient.Web.Main.csproj", "{D53D9977-2803-4106-A001-245EE2508BF4}"
EndProject
Project("{9A19103F-16F7-4668-BE54-9A1E7A4F7556}") = "MemoryClient.Web.Admin", "MemoryClient.Web.Admin\MemoryClient.Web.Admin.csproj", "{E2304DE5-3109-4375-96B1-47393CEEF76C}"
EndProject
Project("{151D2E53-A2C4-4D7D-83FE-D05416EBD58E}") = "MemoryApi", "MemoryApi\MemoryApi.deployproj", "{FA3E3F20-BDEB-434A-B992-53F18A126967}"
EndProject
Project("{9A19103F-16F7-4668-BE54-9A1E7A4F7556}") = "MemoryApi.Functions", "MemoryApi.Functions\MemoryApi.Functions.csproj", "{C3258C18-D769-41F5-8D46-790E82817537}"
EndProject
Project("{FAE04EC0-301F-11D3-BF4B-00C04F79EFBC}") = "MemoryApi.Core", "..\MemoryApi.Core\MemoryApi.Core.csproj", "{B0CCDF93-5EE1-4F8C-B9D7-397B43C23088}"
EndProject
Global
	GlobalSection(SolutionConfigurationPlatforms) = preSolution
		Debug|Any CPU = Debug|Any CPU
		Debug|x64 = Debug|x64
		Release|Any CPU = Release|Any CPU
		Release|x64 = Release|x64
	EndGlobalSection
	GlobalSection(ProjectConfigurationPlatforms) = postSolution
		{1F3AE78A-7FA5-488C-9EB4-BA178552C7CF}.Debug|Any CPU.ActiveCfg = Debug|Any CPU
		{1F3AE78A-7FA5-488C-9EB4-BA178552C7CF}.Debug|Any CPU.Build.0 = Debug|Any CPU
		{1F3AE78A-7FA5-488C-9EB4-BA178552C7CF}.Debug|x64.ActiveCfg = Debug|Any CPU
		{1F3AE78A-7FA5-488C-9EB4-BA178552C7CF}.Debug|x64.Build.0 = Debug|Any CPU
		{1F3AE78A-7FA5-488C-9EB4-BA178552C7CF}.Release|Any CPU.ActiveCfg = Release|Any CPU
		{1F3AE78A-7FA5-488C-9EB4-BA178552C7CF}.Release|Any CPU.Build.0 = Release|Any CPU
		{1F3AE78A-7FA5-488C-9EB4-BA178552C7CF}.Release|x64.ActiveCfg = Release|Any CPU
		{1F3AE78A-7FA5-488C-9EB4-BA178552C7CF}.Release|x64.Build.0 = Release|Any CPU
		{A4AF0868-E6F5-45F2-8E53-9D2D1942A3BF}.Debug|Any CPU.ActiveCfg = Debug|Any CPU
		{A4AF0868-E6F5-45F2-8E53-9D2D1942A3BF}.Debug|Any CPU.Build.0 = Debug|Any CPU
		{A4AF0868-E6F5-45F2-8E53-9D2D1942A3BF}.Debug|x64.ActiveCfg = Debug|Any CPU
		{A4AF0868-E6F5-45F2-8E53-9D2D1942A3BF}.Debug|x64.Build.0 = Debug|Any CPU
		{A4AF0868-E6F5-45F2-8E53-9D2D1942A3BF}.Release|Any CPU.ActiveCfg = Release|Any CPU
		{A4AF0868-E6F5-45F2-8E53-9D2D1942A3BF}.Release|Any CPU.Build.0 = Release|Any CPU
		{A4AF0868-E6F5-45F2-8E53-9D2D1942A3BF}.Release|x64.ActiveCfg = Release|Any CPU
		{A4AF0868-E6F5-45F2-8E53-9D2D1942A3BF}.Release|x64.Build.0 = Release|Any CPU
		{5851126A-6FFE-41DE-8DE1-A5FFCB38215C}.Debug|Any CPU.ActiveCfg = Debug|Any CPU
		{5851126A-6FFE-41DE-8DE1-A5FFCB38215C}.Debug|Any CPU.Build.0 = Debug|Any CPU
		{5851126A-6FFE-41DE-8DE1-A5FFCB38215C}.Debug|x64.ActiveCfg = Debug|Any CPU
		{5851126A-6FFE-41DE-8DE1-A5FFCB38215C}.Debug|x64.Build.0 = Debug|Any CPU
		{5851126A-6FFE-41DE-8DE1-A5FFCB38215C}.Release|Any CPU.ActiveCfg = Release|Any CPU
		{5851126A-6FFE-41DE-8DE1-A5FFCB38215C}.Release|Any CPU.Build.0 = Release|Any CPU
		{5851126A-6FFE-41DE-8DE1-A5FFCB38215C}.Release|x64.ActiveCfg = Release|Any CPU
		{5851126A-6FFE-41DE-8DE1-A5FFCB38215C}.Release|x64.Build.0 = Release|Any CPU
		{BBA0FB2F-9D80-4E91-B121-C51DB5E9ED8B}.Debug|Any CPU.ActiveCfg = Debug|Any CPU
		{BBA0FB2F-9D80-4E91-B121-C51DB5E9ED8B}.Debug|Any CPU.Build.0 = Debug|Any CPU
		{BBA0FB2F-9D80-4E91-B121-C51DB5E9ED8B}.Debug|x64.ActiveCfg = Debug|Any CPU
		{BBA0FB2F-9D80-4E91-B121-C51DB5E9ED8B}.Debug|x64.Build.0 = Debug|Any CPU
		{BBA0FB2F-9D80-4E91-B121-C51DB5E9ED8B}.Release|Any CPU.ActiveCfg = Release|Any CPU
		{BBA0FB2F-9D80-4E91-B121-C51DB5E9ED8B}.Release|Any CPU.Build.0 = Release|Any CPU
		{BBA0FB2F-9D80-4E91-B121-C51DB5E9ED8B}.Release|x64.ActiveCfg = Release|Any CPU
		{BBA0FB2F-9D80-4E91-B121-C51DB5E9ED8B}.Release|x64.Build.0 = Release|Any CPU
		{A306A834-398A-46E6-A453-F1CA35763FA6}.Debug|Any CPU.ActiveCfg = Debug|Any CPU
		{A306A834-398A-46E6-A453-F1CA35763FA6}.Debug|Any CPU.Build.0 = Debug|Any CPU
		{A306A834-398A-46E6-A453-F1CA35763FA6}.Debug|x64.ActiveCfg = Debug|Any CPU
		{A306A834-398A-46E6-A453-F1CA35763FA6}.Debug|x64.Build.0 = Debug|Any CPU
		{A306A834-398A-46E6-A453-F1CA35763FA6}.Release|Any CPU.ActiveCfg = Release|Any CPU
		{A306A834-398A-46E6-A453-F1CA35763FA6}.Release|Any CPU.Build.0 = Release|Any CPU
		{A306A834-398A-46E6-A453-F1CA35763FA6}.Release|x64.ActiveCfg = Release|Any CPU
		{A306A834-398A-46E6-A453-F1CA35763FA6}.Release|x64.Build.0 = Release|Any CPU
		{19BFB6C2-D163-4242-8619-040BD56AC90E}.Debug|Any CPU.ActiveCfg = Debug|Any CPU
		{19BFB6C2-D163-4242-8619-040BD56AC90E}.Debug|Any CPU.Build.0 = Debug|Any CPU
		{19BFB6C2-D163-4242-8619-040BD56AC90E}.Debug|x64.ActiveCfg = Debug|Any CPU
		{19BFB6C2-D163-4242-8619-040BD56AC90E}.Debug|x64.Build.0 = Debug|Any CPU
		{19BFB6C2-D163-4242-8619-040BD56AC90E}.Release|Any CPU.ActiveCfg = Release|Any CPU
		{19BFB6C2-D163-4242-8619-040BD56AC90E}.Release|Any CPU.Build.0 = Release|Any CPU
		{19BFB6C2-D163-4242-8619-040BD56AC90E}.Release|x64.ActiveCfg = Release|Any CPU
		{19BFB6C2-D163-4242-8619-040BD56AC90E}.Release|x64.Build.0 = Release|Any CPU
		{D53D9977-2803-4106-A001-245EE2508BF4}.Debug|Any CPU.ActiveCfg = Debug|Any CPU
		{D53D9977-2803-4106-A001-245EE2508BF4}.Debug|Any CPU.Build.0 = Debug|Any CPU
		{D53D9977-2803-4106-A001-245EE2508BF4}.Debug|x64.ActiveCfg = Debug|Any CPU
		{D53D9977-2803-4106-A001-245EE2508BF4}.Debug|x64.Build.0 = Debug|Any CPU
		{D53D9977-2803-4106-A001-245EE2508BF4}.Release|Any CPU.ActiveCfg = Release|Any CPU
		{D53D9977-2803-4106-A001-245EE2508BF4}.Release|Any CPU.Build.0 = Release|Any CPU
		{D53D9977-2803-4106-A001-245EE2508BF4}.Release|x64.ActiveCfg = Release|Any CPU
		{D53D9977-2803-4106-A001-245EE2508BF4}.Release|x64.Build.0 = Release|Any CPU
		{E2304DE5-3109-4375-96B1-47393CEEF76C}.Debug|Any CPU.ActiveCfg = Debug|Any CPU
		{E2304DE5-3109-4375-96B1-47393CEEF76C}.Debug|Any CPU.Build.0 = Debug|Any CPU
		{E2304DE5-3109-4375-96B1-47393CEEF76C}.Debug|x64.ActiveCfg = Debug|Any CPU
		{E2304DE5-3109-4375-96B1-47393CEEF76C}.Debug|x64.Build.0 = Debug|Any CPU
		{E2304DE5-3109-4375-96B1-47393CEEF76C}.Release|Any CPU.ActiveCfg = Release|Any CPU
		{E2304DE5-3109-4375-96B1-47393CEEF76C}.Release|Any CPU.Build.0 = Release|Any CPU
		{E2304DE5-3109-4375-96B1-47393CEEF76C}.Release|x64.ActiveCfg = Release|Any CPU
		{E2304DE5-3109-4375-96B1-47393CEEF76C}.Release|x64.Build.0 = Release|Any CPU
		{FA3E3F20-BDEB-434A-B992-53F18A126967}.Debug|Any CPU.ActiveCfg = Debug|Any CPU
		{FA3E3F20-BDEB-434A-B992-53F18A126967}.Debug|Any CPU.Build.0 = Debug|Any CPU
		{FA3E3F20-BDEB-434A-B992-53F18A126967}.Debug|x64.ActiveCfg = Debug|Any CPU
		{FA3E3F20-BDEB-434A-B992-53F18A126967}.Debug|x64.Build.0 = Debug|Any CPU
		{FA3E3F20-BDEB-434A-B992-53F18A126967}.Release|Any CPU.ActiveCfg = Release|Any CPU
		{FA3E3F20-BDEB-434A-B992-53F18A126967}.Release|Any CPU.Build.0 = Release|Any CPU
		{FA3E3F20-BDEB-434A-B992-53F18A126967}.Release|x64.ActiveCfg = Release|Any CPU
		{FA3E3F20-BDEB-434A-B992-53F18A126967}.Release|x64.Build.0 = Release|Any CPU
		{C3258C18-D769-41F5-8D46-790E82817537}.Debug|Any CPU.ActiveCfg = Debug|Any CPU
		{C3258C18-D769-41F5-8D46-790E82817537}.Debug|Any CPU.Build.0 = Debug|Any CPU
		{C3258C18-D769-41F5-8D46-790E82817537}.Debug|x64.ActiveCfg = Debug|Any CPU
		{C3258C18-D769-41F5-8D46-790E82817537}.Debug|x64.Build.0 = Debug|Any CPU
		{C3258C18-D769-41F5-8D46-790E82817537}.Release|Any CPU.ActiveCfg = Release|Any CPU
		{C3258C18-D769-41F5-8D46-790E82817537}.Release|Any CPU.Build.0 = Release|Any CPU
		{C3258C18-D769-41F5-8D46-790E82817537}.Release|x64.ActiveCfg = Release|Any CPU
		{C3258C18-D769-41F5-8D46-790E82817537}.Release|x64.Build.0 = Release|Any CPU
		{B0CCDF93-5EE1-4F8C-B9D7-397B43C23088}.Debug|Any CPU.ActiveCfg = Debug|Any CPU
		{B0CCDF93-5EE1-4F8C-B9D7-397B43C23088}.Debug|Any CPU.Build.0 = Debug|Any CPU
		{B0CCDF93-5EE1-4F8C-B9D7-397B43C23088}.Debug|x64.ActiveCfg = Debug|Any CPU
		{B0CCDF93-5EE1-4F8C-B9D7-397B43C23088}.Debug|x64.Build.0 = Debug|Any CPU
		{B0CCDF93-5EE1-4F8C-B9D7-397B43C23088}.Release|Any CPU.ActiveCfg = Release|Any CPU
		{B0CCDF93-5EE1-4F8C-B9D7-397B43C23088}.Release|Any CPU.Build.0 = Release|Any CPU
		{B0CCDF93-5EE1-4F8C-B9D7-397B43C23088}.Release|x64.ActiveCfg = Release|Any CPU
		{B0CCDF93-5EE1-4F8C-B9D7-397B43C23088}.Release|x64.Build.0 = Release|Any CPU
	EndGlobalSection
	GlobalSection(SolutionProperties) = preSolution
		HideSolutionNode = FALSE
	EndGlobalSection
	GlobalSection(ExtensibilityGlobals) = postSolution
		SolutionGuid = {FF1B3541-32A1-4F99-956B-DEF4A47040D3}
	EndGlobalSection
EndGlobal
